// !$*UTF8*$!
{
	archiveVersion = 1;
	classes = {
	};
	objectVersion = 46;
	objects = {

/* Begin PBXBuildFile section */
		7D49652F1CB66D6900770854 /* AppDelegate.swift in Sources */ = {isa = PBXBuildFile; fileRef = 7D49652E1CB66D6900770854 /* AppDelegate.swift */; };
		7D4965311CB66D6900770854 /* ViewController.swift in Sources */ = {isa = PBXBuildFile; fileRef = 7D4965301CB66D6900770854 /* ViewController.swift */; };
		7D4965341CB66D6900770854 /* Main.storyboard in Resources */ = {isa = PBXBuildFile; fileRef = 7D4965321CB66D6900770854 /* Main.storyboard */; };
		7D4965361CB66D6900770854 /* Assets.xcassets in Resources */ = {isa = PBXBuildFile; fileRef = 7D4965351CB66D6900770854 /* Assets.xcassets */; };
		7D4965391CB66D6900770854 /* LaunchScreen.storyboard in Resources */ = {isa = PBXBuildFile; fileRef = 7D4965371CB66D6900770854 /* LaunchScreen.storyboard */; };
		7D4965411CB66D7000770854 /* WebP.framework in Frameworks */ = {isa = PBXBuildFile; fileRef = 7D4965401CB66D7000770854 /* WebP.framework */; };
		7D49654A1CB66F4F00770854 /* WebPImageSerialization.m in Sources */ = {isa = PBXBuildFile; fileRef = 7D4965491CB66F4F00770854 /* WebPImageSerialization.m */; };
		7D49654D1CB6790F00770854 /* galaxy.png in Resources */ = {isa = PBXBuildFile; fileRef = 7D49654C1CB6790F00770854 /* galaxy.png */; };
/* End PBXBuildFile section */

/* Begin PBXFileReference section */
		7D49652B1CB66D6900770854 /* WebPIntegration.app */ = {isa = PBXFileReference; explicitFileType = wrapper.application; includeInIndex = 0; path = WebPIntegration.app; sourceTree = BUILT_PRODUCTS_DIR; };
		7D49652E1CB66D6900770854 /* AppDelegate.swift */ = {isa = PBXFileReference; lastKnownFileType = sourcecode.swift; path = AppDelegate.swift; sourceTree = "<group>"; };
		7D4965301CB66D6900770854 /* ViewController.swift */ = {isa = PBXFileReference; lastKnownFileType = sourcecode.swift; path = ViewController.swift; sourceTree = "<group>"; };
		7D4965331CB66D6900770854 /* Base */ = {isa = PBXFileReference; lastKnownFileType = file.storyboard; name = Base; path = Base.lproj/Main.storyboard; sourceTree = "<group>"; };
		7D4965351CB66D6900770854 /* Assets.xcassets */ = {isa = PBXFileReference; lastKnownFileType = folder.assetcatalog; path = Assets.xcassets; sourceTree = "<group>"; };
		7D4965381CB66D6900770854 /* Base */ = {isa = PBXFileReference; lastKnownFileType = file.storyboard; name = Base; path = Base.lproj/LaunchScreen.storyboard; sourceTree = "<group>"; };
		7D49653A1CB66D6900770854 /* Info.plist */ = {isa = PBXFileReference; lastKnownFileType = text.plist.xml; path = Info.plist; sourceTree = "<group>"; };
		7D4965401CB66D7000770854 /* WebP.framework */ = {isa = PBXFileReference; lastKnownFileType = wrapper.framework; path = WebP.framework; sourceTree = "<group>"; };
		7D4965421CB66EF500770854 /* WebPIntegration-Bridging-Header.h */ = {isa = PBXFileReference; lastKnownFileType = sourcecode.c.h; path = "WebPIntegration-Bridging-Header.h"; sourceTree = "<group>"; };
		7D4965481CB66F4F00770854 /* WebPImageSerialization.h */ = {isa = PBXFileReference; fileEncoding = 4; lastKnownFileType = sourcecode.c.h; path = WebPImageSerialization.h; sourceTree = "<group>"; };
		7D4965491CB66F4F00770854 /* WebPImageSerialization.m */ = {isa = PBXFileReference; fileEncoding = 4; lastKnownFileType = sourcecode.c.objc; path = WebPImageSerialization.m; sourceTree = "<group>"; };
		7D49654C1CB6790F00770854 /* galaxy.png */ = {isa = PBXFileReference; lastKnownFileType = image.png; path = galaxy.png; sourceTree = "<group>"; };
/* End PBXFileReference section */

/* Begin PBXFrameworksBuildPhase section */
		7D4965281CB66D6900770854 /* Frameworks */ = {
			isa = PBXFrameworksBuildPhase;
			buildActionMask = 2147483647;
			files = (
				7D4965411CB66D7000770854 /* WebP.framework in Frameworks */,
			);
			runOnlyForDeploymentPostprocessing = 0;
		};
/* End PBXFrameworksBuildPhase section */

/* Begin PBXGroup section */
		7D4965221CB66D6900770854 = {
			isa = PBXGroup;
			children = (
				7D49652D1CB66D6900770854 /* WebPIntegration */,
				7D49652C1CB66D6900770854 /* Products */,
				7D4965421CB66EF500770854 /* WebPIntegration-Bridging-Header.h */,
			);
			sourceTree = "<group>";
		};
		7D49652C1CB66D6900770854 /* Products */ = {
			isa = PBXGroup;
			children = (
				7D49652B1CB66D6900770854 /* WebPIntegration.app */,
			);
			name = Products;
			sourceTree = "<group>";
		};
		7D49652D1CB66D6900770854 /* WebPIntegration */ = {
			isa = PBXGroup;
			children = (
				7D49654B1CB66F5300770854 /* WebPImageSerialization */,
				7D49652E1CB66D6900770854 /* AppDelegate.swift */,
				7D4965301CB66D6900770854 /* ViewController.swift */,
				7D4965321CB66D6900770854 /* Main.storyboard */,
				7D49654C1CB6790F00770854 /* galaxy.png */,
				7D4965351CB66D6900770854 /* Assets.xcassets */,
				7D4965371CB66D6900770854 /* LaunchScreen.storyboard */,
				7D49653A1CB66D6900770854 /* Info.plist */,
				7D4965401CB66D7000770854 /* WebP.framework */,
			);
			path = WebPIntegration;
			sourceTree = "<group>";
		};
		7D49654B1CB66F5300770854 /* WebPImageSerialization */ = {
			isa = PBXGroup;
			children = (
				7D4965481CB66F4F00770854 /* WebPImageSerialization.h */,
				7D4965491CB66F4F00770854 /* WebPImageSerialization.m */,
			);
			name = WebPImageSerialization;
			sourceTree = "<group>";
		};
/* End PBXGroup section */

/* Begin PBXNativeTarget section */
		7D49652A1CB66D6900770854 /* WebPIntegration */ = {
			isa = PBXNativeTarget;
			buildConfigurationList = 7D49653D1CB66D6900770854 /* Build configuration list for PBXNativeTarget "WebPIntegration" */;
			buildPhases = (
				7D4965271CB66D6900770854 /* Sources */,
				7D4965281CB66D6900770854 /* Frameworks */,
				7D4965291CB66D6900770854 /* Resources */,
			);
			buildRules = (
			);
			dependencies = (
			);
			name = WebPIntegration;
			productName = WebPIntegration;
			productReference = 7D49652B1CB66D6900770854 /* WebPIntegration.app */;
			productType = "com.apple.product-type.application";
		};
/* End PBXNativeTarget section */

/* Begin PBXProject section */
		7D4965231CB66D6900770854 /* Project object */ = {
			isa = PBXProject;
			attributes = {
				LastSwiftUpdateCheck = 0730;
				LastUpgradeCheck = 0730;
				ORGANIZATIONNAME = "Vladimir Kolbas";
				TargetAttributes = {
					7D49652A1CB66D6900770854 = {
						CreatedOnToolsVersion = 7.3;
					};
				};
			};
			buildConfigurationList = 7D4965261CB66D6900770854 /* Build configuration list for PBXProject "WebPIntegration" */;
			compatibilityVersion = "Xcode 3.2";
			developmentRegion = English;
			hasScannedForEncodings = 0;
			knownRegions = (
				en,
				Base,
			);
			mainGroup = 7D4965221CB66D6900770854;
			productRefGroup = 7D49652C1CB66D6900770854 /* Products */;
			projectDirPath = "";
			projectRoot = "";
			targets = (
				7D49652A1CB66D6900770854 /* WebPIntegration */,
			);
		};
/* End PBXProject section */

/* Begin PBXResourcesBuildPhase section */
		7D4965291CB66D6900770854 /* Resources */ = {
			isa = PBXResourcesBuildPhase;
			buildActionMask = 2147483647;
			files = (
				7D4965391CB66D6900770854 /* LaunchScreen.storyboard in Resources */,
				7D4965361CB66D6900770854 /* Assets.xcassets in Resources */,
				7D4965341CB66D6900770854 /* Main.storyboard in Resources */,
				7D49654D1CB6790F00770854 /* galaxy.png in Resources */,
			);
			runOnlyForDeploymentPostprocessing = 0;
		};
/* End PBXResourcesBuildPhase section */

/* Begin PBXSourcesBuildPhase section */
		7D4965271CB66D6900770854 /* Sources */ = {
			isa = PBXSourcesBuildPhase;
			buildActionMask = 2147483647;
			files = (
				7D49654A1CB66F4F00770854 /* WebPImageSerialization.m in Sources */,
				7D4965311CB66D6900770854 /* ViewController.swift in Sources */,
				7D49652F1CB66D6900770854 /* AppDelegate.swift in Sources */,
			);
			runOnlyForDeploymentPostprocessing = 0;
		};
/* End PBXSourcesBuildPhase section */

/* Begin PBXVariantGroup section */
		7D4965321CB66D6900770854 /* Main.storyboard */ = {
			isa = PBXVariantGroup;
			children = (
				7D4965331CB66D6900770854 /* Base */,
			);
			name = Main.storyboard;
			sourceTree = "<group>";
		};
		7D4965371CB66D6900770854 /* LaunchScreen.storyboard */ = {
			isa = PBXVariantGroup;
			children = (
				7D4965381CB66D6900770854 /* Base */,
			);
			name = LaunchScreen.storyboard;
			sourceTree = "<group>";
		};
/* End PBXVariantGroup section */

/* Begin XCBuildConfiguration section */
		7D49653B1CB66D6900770854 /* Debug */ = {
			isa = XCBuildConfiguration;
			buildSettings = {
				ALWAYS_SEARCH_USER_PATHS = NO;
				CLANG_ANALYZER_NONNULL = YES;
				CLANG_CXX_LANGUAGE_STANDARD = "gnu++0x";
				CLANG_CXX_LIBRARY = "libc++";
				CLANG_ENABLE_MODULES = YES;
				CLANG_ENABLE_OBJC_ARC = YES;
				CLANG_WARN_BOOL_CONVERSION = YES;
				CLANG_WARN_CONSTANT_CONVERSION = YES;
				CLANG_WARN_DIRECT_OBJC_ISA_USAGE = YES_ERROR;
				CLANG_WARN_EMPTY_BODY = YES;
				CLANG_WARN_ENUM_CONVERSION = YES;
				CLANG_WARN_INT_CONVERSION = YES;
				CLANG_WARN_OBJC_ROOT_CLASS = YES_ERROR;
				CLANG_WARN_UNREACHABLE_CODE = YES;
				CLANG_WARN__DUPLICATE_METHOD_MATCH = YES;
				"CODE_SIGN_IDENTITY[sdk=iphoneos*]" = "iPhone Developer";
				COPY_PHASE_STRIP = NO;
				DEBUG_INFORMATION_FORMAT = dwarf;
				ENABLE_STRICT_OBJC_MSGSEND = YES;
				ENABLE_TESTABILITY = YES;
				GCC_C_LANGUAGE_STANDARD = gnu99;
				GCC_DYNAMIC_NO_PIC = NO;
				GCC_NO_COMMON_BLOCKS = YES;
				GCC_OPTIMIZATION_LEVEL = 0;
				GCC_PREPROCESSOR_DEFINITIONS = (
					"DEBUG=1",
					"$(inherited)",
				);
				GCC_WARN_64_TO_32_BIT_CONVERSION = YES;
				GCC_WARN_ABOUT_RETURN_TYPE = YES_ERROR;
				GCC_WARN_UNDECLARED_SELECTOR = YES;
				GCC_WARN_UNINITIALIZED_AUTOS = YES_AGGRESSIVE;
				GCC_WARN_UNUSED_FUNCTION = YES;
				GCC_WARN_UNUSED_VARIABLE = YES;
				IPHONEOS_DEPLOYMENT_TARGET = 9.3;
				MTL_ENABLE_DEBUG_INFO = YES;
				ONLY_ACTIVE_ARCH = YES;
				SDKROOT = iphoneos;
				SWIFT_OPTIMIZATION_LEVEL = "-Onone";
			};
			name = Debug;
		};
		7D49653C1CB66D6900770854 /* Release */ = {
			isa = XCBuildConfiguration;
			buildSettings = {
				ALWAYS_SEARCH_USER_PATHS = NO;
				CLANG_ANALYZER_NONNULL = YES;
				CLANG_CXX_LANGUAGE_STANDARD = "gnu++0x";
				CLANG_CXX_LIBRARY = "libc++";
				CLANG_ENABLE_MODULES = YES;
				CLANG_ENABLE_OBJC_ARC = YES;
				CLANG_WARN_BOOL_CONVERSION = YES;
				CLANG_WARN_CONSTANT_CONVERSION = YES;
				CLANG_WARN_DIRECT_OBJC_ISA_USAGE = YES_ERROR;
				CLANG_WARN_EMPTY_BODY = YES;
				CLANG_WARN_ENUM_CONVERSION = YES;
				CLANG_WARN_INT_CONVERSION = YES;
				CLANG_WARN_OBJC_ROOT_CLASS = YES_ERROR;
				CLANG_WARN_UNREACHABLE_CODE = YES;
				CLANG_WARN__DUPLICATE_METHOD_MATCH = YES;
				"CODE_SIGN_IDENTITY[sdk=iphoneos*]" = "iPhone Developer";
				COPY_PHASE_STRIP = NO;
				DEBUG_INFORMATION_FORMAT = "dwarf-with-dsym";
				ENABLE_NS_ASSERTIONS = NO;
				ENABLE_STRICT_OBJC_MSGSEND = YES;
				GCC_C_LANGUAGE_STANDARD = gnu99;
				GCC_NO_COMMON_BLOCKS = YES;
				GCC_WARN_64_TO_32_BIT_CONVERSION = YES;
				GCC_WARN_ABOUT_RETURN_TYPE = YES_ERROR;
				GCC_WARN_UNDECLARED_SELECTOR = YES;
				GCC_WARN_UNINITIALIZED_AUTOS = YES_AGGRESSIVE;
				GCC_WARN_UNUSED_FUNCTION = YES;
				GCC_WARN_UNUSED_VARIABLE = YES;
				IPHONEOS_DEPLOYMENT_TARGET = 9.3;
				MTL_ENABLE_DEBUG_INFO = NO;
				SDKROOT = iphoneos;
				VALIDATE_PRODUCT = YES;
			};
			name = Release;
		};
		7D49653E1CB66D6900770854 /* Debug */ = {
			isa = XCBuildConfiguration;
			buildSettings = {
				ASSETCATALOG_COMPILER_APPICON_NAME = AppIcon;
				CLANG_ENABLE_MODULES = YES;
				FRAMEWORK_SEARCH_PATHS = (
					"$(inherited)",
					"$(PROJECT_DIR)/WebPIntegration",
				);
				INFOPLIST_FILE = WebPIntegration/Info.plist;
				LD_RUNPATH_SEARCH_PATHS = "$(inherited) @executable_path/Frameworks";
				PRODUCT_BUNDLE_IDENTIFIER = agency.decode.WebPIntegration;
				PRODUCT_NAME = "$(TARGET_NAME)";
				SWIFT_OBJC_BRIDGING_HEADER = "WebPIntegration-Bridging-Header.h";
				SWIFT_OPTIMIZATION_LEVEL = "-Onone";
			};
			name = Debug;
		};
		7D49653F1CB66D6900770854 /* Release */ = {
			isa = XCBuildConfiguration;
			buildSettings = {
				ASSETCATALOG_COMPILER_APPICON_NAME = AppIcon;
				CLANG_ENABLE_MODULES = YES;
				FRAMEWORK_SEARCH_PATHS = (
					"$(inherited)",
					"$(PROJECT_DIR)/WebPIntegration",
				);
				INFOPLIST_FILE = WebPIntegration/Info.plist;
				LD_RUNPATH_SEARCH_PATHS = "$(inherited) @executable_path/Frameworks";
				PRODUCT_BUNDLE_IDENTIFIER = agency.decode.WebPIntegration;
				PRODUCT_NAME = "$(TARGET_NAME)";
				SWIFT_OBJC_BRIDGING_HEADER = "WebPIntegration-Bridging-Header.h";
			};
			name = Release;
		};
/* End XCBuildConfiguration section */

/* Begin XCConfigurationList section */
		7D4965261CB66D6900770854 /* Build configuration list for PBXProject "WebPIntegration" */ = {
			isa = XCConfigurationList;
			buildConfigurations = (
				7D49653B1CB66D6900770854 /* Debug */,
				7D49653C1CB66D6900770854 /* Release */,
			);
			defaultConfigurationIsVisible = 0;
			defaultConfigurationName = Release;
		};
		7D49653D1CB66D6900770854 /* Build configuration list for PBXNativeTarget "WebPIntegration" */ = {
			isa = XCConfigurationList;
			buildConfigurations = (
				7D49653E1CB66D6900770854 /* Debug */,
				7D49653F1CB66D6900770854 /* Release */,
			);
			defaultConfigurationIsVisible = 0;
		};
/* End XCConfigurationList section */
	};
	rootObject = 7D4965231CB66D6900770854 /* Project object */;
}
